
Microsoft Visual Studio Solution File, Format Version 12.00
# Visual Studio Version 17
VisualStudioVersion = 17.14.36408.4 d17.14
MinimumVisualStudioVersion = 10.0.40219.1
Project("{FAE04EC0-301F-11D3-BF4B-00C04F79EFBC}") = "4JLSC-MartinezMariana-02", "4JLSC-MartinezMariana-02.csproj", "{E3E48767-A05C-4249-988F-71AB90F4F009}"
EndProject
Global
	GlobalSection(SolutionConfigurationPlatforms) = preSolution
		Debug|Any CPU = Debug|Any CPU
		Release|Any CPU = Release|Any CPU
	EndGlobalSection
	GlobalSection(ProjectConfigurationPlatforms) = postSolution
		{E3E48767-A05C-4249-988F-71AB90F4F009}.Debug|Any CPU.ActiveCfg = Debug|Any CPU
		{E3E48767-A05C-4249-988F-71AB90F4F009}.Debug|Any CPU.Build.0 = Debug|Any CPU
		{E3E48767-A05C-4249-988F-71AB90F4F009}.Release|Any CPU.ActiveCfg = Release|Any CPU
		{E3E48767-A05C-4249-988F-71AB90F4F009}.Release|Any CPU.Build.0 = Release|Any CPU
	EndGlobalSection
	GlobalSection(SolutionProperties) = preSolution
		HideSolutionNode = FALSE
	EndGlobalSection
	GlobalSection(ExtensibilityGlobals) = postSolution
		SolutionGuid = {59DB33F5-2170-48EB-82E7-C0AF4D533175}
	EndGlobalSection
EndGlobal
